PODS:
  - ffmpeg-kit-macos-full (4.5.1.LTS)

DEPENDENCIES:
  - ffmpeg-kit-macos-full (= 4.5.1.LTS)

SPEC REPOS:
  trunk:
    - ffmpeg-kit-macos-full

SPEC CHECKSUMS:
  ffmpeg-kit-macos-full: 5db1604b88ada6c73c9da072a6bd09341e97009e

PODFILE CHECKSUM: f8fc2f038fe6b00cd764172e3d0fcba19e2dd30b

COCOAPODS: 1.11.2
