PODS:
  - ffmpeg-kit-macos-full (5.1.LTS)

DEPENDENCIES:
  - ffmpeg-kit-macos-full (= 5.1.LTS)

SPEC REPOS:
  trunk:
    - ffmpeg-kit-macos-full

SPEC CHECKSUMS:
  ffmpeg-kit-macos-full: 1918729d4569ebd1b8597df20d1e5c7bf596b908

PODFILE CHECKSUM: 4791fae53199fd666897f15c2e0bbe84b2000297

COCOAPODS: 1.11.3
