PODS:
  - ffmpeg-kit-ios-full (4.5.1.LTS)

DEPENDENCIES:
  - ffmpeg-kit-ios-full (= 4.5.1.LTS)

SPEC REPOS:
  trunk:
    - ffmpeg-kit-ios-full

SPEC CHECKSUMS:
  ffmpeg-kit-ios-full: 341a178eebe25ab54b92e4d040a00231b23b7c30

PODFILE CHECKSUM: 1e27b7ec760ba588f3e33ff311974c6936a35500

COCOAPODS: 1.11.2
