PODS:
  - ffmpeg-kit-tvos-full (5.1.LTS)

DEPENDENCIES:
  - ffmpeg-kit-tvos-full (= 5.1.LTS)

SPEC REPOS:
  trunk:
    - ffmpeg-kit-tvos-full

SPEC CHECKSUMS:
  ffmpeg-kit-tvos-full: 73d952e5fee45e0b60357ea91df2da56396ace7d

PODFILE CHECKSUM: 711cea7ff5169ad0e46156ad86a8f171bb8f6771

COCOAPODS: 1.11.3
