PODS:
  - ffmpeg-kit-tvos-full (4.5.1.LTS)

DEPENDENCIES:
  - ffmpeg-kit-tvos-full (= 4.5.1.LTS)

SPEC REPOS:
  trunk:
    - ffmpeg-kit-tvos-full

SPEC CHECKSUMS:
  ffmpeg-kit-tvos-full: 97d802696cbcc29a08c3d6b0dc461eb6eb2fb9e6

PODFILE CHECKSUM: a6b09ab19b0863fa198b8dc4104ec338c649dd3b

COCOAPODS: 1.11.2
