// !$*UTF8*$!
{
	archiveVersion = 1;
	classes = {
	};
	objectVersion = 52;
	objects = {

/* Begin PBXBuildFile section */
		344D0ED222DE40F200DC2568 /* MediaInformationParserTest.m in Sources */ = {isa = PBXBuildFile; fileRef = 344D0ED022DE40F200DC2568 /* MediaInformationParserTest.m */; };
		344D0ED522DE40F800DC2568 /* FFmpegKitTest.m in Sources */ = {isa = PBXBuildFile; fileRef = 344D0ED322DE40F800DC2568 /* FFmpegKitTest.m */; };
		345CFCB925EBD2B600F34F36 /* openh264.xcframework in Frameworks */ = {isa = PBXBuildFile; fileRef = 345CFC8025EBD2B400F34F36 /* openh264.xcframework */; };
		345CFCBA25EBD2B600F34F36 /* libswresample.xcframework in Frameworks */ = {isa = PBXBuildFile; fileRef = 345CFC8125EBD2B400F34F36 /* libswresample.xcframework */; };
		345CFCBB25EBD2B600F34F36 /* libavfilter.xcframework in Frameworks */ = {isa = PBXBuildFile; fileRef = 345CFC8225EBD2B400F34F36 /* libavfilter.xcframework */; };
		345CFCBC25EBD2B600F34F36 /* libavcodec.xcframework in Frameworks */ = {isa = PBXBuildFile; fileRef = 345CFC8325EBD2B400F34F36 /* libavcodec.xcframework */; };
		345CFCBD25EBD2B600F34F36 /* tesseract.xcframework in Frameworks */ = {isa = PBXBuildFile; fileRef = 345CFC8425EBD2B500F34F36 /* tesseract.xcframework */; };
		345CFCBE25EBD2B600F34F36 /* libvorbis.xcframework in Frameworks */ = {isa = PBXBuildFile; fileRef = 345CFC8525EBD2B500F34F36 /* libvorbis.xcframework */; };
		345CFCBF25EBD2B600F34F36 /* libwebp.xcframework in Frameworks */ = {isa = PBXBuildFile; fileRef = 345CFC8625EBD2B500F34F36 /* libwebp.xcframework */; };
		345CFCC025EBD2B600F34F36 /* tiff.xcframework in Frameworks */ = {isa = PBXBuildFile; fileRef = 345CFC8725EBD2B500F34F36 /* tiff.xcframework */; };
		345CFCC125EBD2B600F34F36 /* libopencore-amrnb.xcframework in Frameworks */ = {isa = PBXBuildFile; fileRef = 345CFC8825EBD2B500F34F36 /* libopencore-amrnb.xcframework */; };
		345CFCC225EBD2B600F34F36 /* libswscale.xcframework in Frameworks */ = {isa = PBXBuildFile; fileRef = 345CFC8925EBD2B500F34F36 /* libswscale.xcframework */; };
		345CFCC325EBD2B600F34F36 /* libtheora.xcframework in Frameworks */ = {isa = PBXBuildFile; fileRef = 345CFC8A25EBD2B500F34F36 /* libtheora.xcframework */; };
		345CFCC425EBD2B600F34F36 /* snappy.xcframework in Frameworks */ = {isa = PBXBuildFile; fileRef = 345CFC8B25EBD2B500F34F36 /* snappy.xcframework */; };
		345CFCC525EBD2B600F34F36 /* libvorbisenc.xcframework in Frameworks */ = {isa = PBXBuildFile; fileRef = 345CFC8C25EBD2B500F34F36 /* libvorbisenc.xcframework */; };
		345CFCC625EBD2B600F34F36 /* libavformat.xcframework in Frameworks */ = {isa = PBXBuildFile; fileRef = 345CFC8D25EBD2B500F34F36 /* libavformat.xcframework */; };
		345CFCC725EBD2B600F34F36 /* shine.xcframework in Frameworks */ = {isa = PBXBuildFile; fileRef = 345CFC8E25EBD2B500F34F36 /* shine.xcframework */; };
		345CFCC825EBD2B600F34F36 /* leptonica.xcframework in Frameworks */ = {isa = PBXBuildFile; fileRef = 345CFC8F25EBD2B500F34F36 /* leptonica.xcframework */; };
		345CFCC925EBD2B600F34F36 /* libvpx.xcframework in Frameworks */ = {isa = PBXBuildFile; fileRef = 345CFC9025EBD2B500F34F36 /* libvpx.xcframework */; };
		345CFCCA25EBD2B600F34F36 /* opus.xcframework in Frameworks */ = {isa = PBXBuildFile; fileRef = 345CFC9125EBD2B500F34F36 /* opus.xcframework */; };
		345CFCCB25EBD2B600F34F36 /* vo-amrwbenc.xcframework in Frameworks */ = {isa = PBXBuildFile; fileRef = 345CFC9225EBD2B500F34F36 /* vo-amrwbenc.xcframework */; };
		345CFCCC25EBD2B600F34F36 /* libxml2.xcframework in Frameworks */ = {isa = PBXBuildFile; fileRef = 345CFC9325EBD2B500F34F36 /* libxml2.xcframework */; };
		345CFCCD25EBD2B600F34F36 /* libtheoraenc.xcframework in Frameworks */ = {isa = PBXBuildFile; fileRef = 345CFC9425EBD2B500F34F36 /* libtheoraenc.xcframework */; };
		345CFCCE25EBD2B600F34F36 /* kvazaar.xcframework in Frameworks */ = {isa = PBXBuildFile; fileRef = 345CFC9525EBD2B500F34F36 /* kvazaar.xcframework */; };
		345CFCCF25EBD2B600F34F36 /* fontconfig.xcframework in Frameworks */ = {isa = PBXBuildFile; fileRef = 345CFC9625EBD2B500F34F36 /* fontconfig.xcframework */; };
		345CFCD025EBD2B600F34F36 /* freetype.xcframework in Frameworks */ = {isa = PBXBuildFile; fileRef = 345CFC9725EBD2B500F34F36 /* freetype.xcframework */; };
		345CFCD125EBD2B600F34F36 /* libavutil.xcframework in Frameworks */ = {isa = PBXBuildFile; fileRef = 345CFC9825EBD2B500F34F36 /* libavutil.xcframework */; };
		345CFCD225EBD2B600F34F36 /* chromaprint.xcframework in Frameworks */ = {isa = PBXBuildFile; fileRef = 345CFC9925EBD2B500F34F36 /* chromaprint.xcframework */; };
		345CFCD325EBD2B600F34F36 /* libaom.xcframework in Frameworks */ = {isa = PBXBuildFile; fileRef = 345CFC9A25EBD2B500F34F36 /* libaom.xcframework */; };
		345CFCD425EBD2B600F34F36 /* sdl.xcframework in Frameworks */ = {isa = PBXBuildFile; fileRef = 345CFC9B25EBD2B500F34F36 /* sdl.xcframework */; };
		345CFCD525EBD2B600F34F36 /* libpng.xcframework in Frameworks */ = {isa = PBXBuildFile; fileRef = 345CFC9C25EBD2B500F34F36 /* libpng.xcframework */; };
		345CFCD625EBD2B600F34F36 /* fribidi.xcframework in Frameworks */ = {isa = PBXBuildFile; fileRef = 345CFC9D25EBD2B500F34F36 /* fribidi.xcframework */; };
		345CFCD725EBD2B600F34F36 /* giflib.xcframework in Frameworks */ = {isa = PBXBuildFile; fileRef = 345CFC9E25EBD2B500F34F36 /* giflib.xcframework */; };
		345CFCD825EBD2B600F34F36 /* libsamplerate.xcframework in Frameworks */ = {isa = PBXBuildFile; fileRef = 345CFC9F25EBD2B500F34F36 /* libsamplerate.xcframework */; };
		345CFCD925EBD2B600F34F36 /* x265.xcframework in Frameworks */ = {isa = PBXBuildFile; fileRef = 345CFCA025EBD2B500F34F36 /* x265.xcframework */; };
		345CFCDA25EBD2B600F34F36 /* speex.xcframework in Frameworks */ = {isa = PBXBuildFile; fileRef = 345CFCA125EBD2B500F34F36 /* speex.xcframework */; };
		345CFCDB25EBD2B600F34F36 /* gnutls.xcframework in Frameworks */ = {isa = PBXBuildFile; fileRef = 345CFCA225EBD2B500F34F36 /* gnutls.xcframework */; };
		345CFCDC25EBD2B600F34F36 /* libavdevice.xcframework in Frameworks */ = {isa = PBXBuildFile; fileRef = 345CFCA325EBD2B500F34F36 /* libavdevice.xcframework */; };
		345CFCDD25EBD2B600F34F36 /* x264.xcframework in Frameworks */ = {isa = PBXBuildFile; fileRef = 345CFCA425EBD2B500F34F36 /* x264.xcframework */; };
		345CFCDE25EBD2B600F34F36 /* libsndfile.xcframework in Frameworks */ = {isa = PBXBuildFile; fileRef = 345CFCA525EBD2B500F34F36 /* libsndfile.xcframework */; };
		345CFCDF25EBD2B600F34F36 /* libtheoradec.xcframework in Frameworks */ = {isa = PBXBuildFile; fileRef = 345CFCA625EBD2B500F34F36 /* libtheoradec.xcframework */; };
		345CFCE025EBD2B600F34F36 /* dav1d.xcframework in Frameworks */ = {isa = PBXBuildFile; fileRef = 345CFCA725EBD2B500F34F36 /* dav1d.xcframework */; };
		345CFCE125EBD2B600F34F36 /* libnettle.xcframework in Frameworks */ = {isa = PBXBuildFile; fileRef = 345CFCA825EBD2B500F34F36 /* libnettle.xcframework */; };
		345CFCE225EBD2B600F34F36 /* rubberband.xcframework in Frameworks */ = {isa = PBXBuildFile; fileRef = 345CFCA925EBD2B500F34F36 /* rubberband.xcframework */; };
		345CFCE325EBD2B600F34F36 /* harfbuzz.xcframework in Frameworks */ = {isa = PBXBuildFile; fileRef = 345CFCAA25EBD2B500F34F36 /* harfbuzz.xcframework */; };
		345CFCE425EBD2B600F34F36 /* gmp.xcframework in Frameworks */ = {isa = PBXBuildFile; fileRef = 345CFCAB25EBD2B500F34F36 /* gmp.xcframework */; };
		345CFCE525EBD2B600F34F36 /* libwebpmux.xcframework in Frameworks */ = {isa = PBXBuildFile; fileRef = 345CFCAC25EBD2B500F34F36 /* libwebpmux.xcframework */; };
		345CFCE625EBD2B600F34F36 /* libvidstab.xcframework in Frameworks */ = {isa = PBXBuildFile; fileRef = 345CFCAD25EBD2B500F34F36 /* libvidstab.xcframework */; };
		345CFCE725EBD2B600F34F36 /* libvorbisfile.xcframework in Frameworks */ = {isa = PBXBuildFile; fileRef = 345CFCAE25EBD2B500F34F36 /* libvorbisfile.xcframework */; };
		345CFCE825EBD2B600F34F36 /* lame.xcframework in Frameworks */ = {isa = PBXBuildFile; fileRef = 345CFCAF25EBD2B500F34F36 /* lame.xcframework */; };
		345CFCE925EBD2B600F34F36 /* libogg.xcframework in Frameworks */ = {isa = PBXBuildFile; fileRef = 345CFCB025EBD2B500F34F36 /* libogg.xcframework */; };
		345CFCEA25EBD2B600F34F36 /* libass.xcframework in Frameworks */ = {isa = PBXBuildFile; fileRef = 345CFCB125EBD2B500F34F36 /* libass.xcframework */; };
		345CFCEB25EBD2B600F34F36 /* libhogweed.xcframework in Frameworks */ = {isa = PBXBuildFile; fileRef = 345CFCB225EBD2B500F34F36 /* libhogweed.xcframework */; };
		345CFCEC25EBD2B600F34F36 /* libilbc.xcframework in Frameworks */ = {isa = PBXBuildFile; fileRef = 345CFCB325EBD2B500F34F36 /* libilbc.xcframework */; };
		345CFCED25EBD2B600F34F36 /* twolame.xcframework in Frameworks */ = {isa = PBXBuildFile; fileRef = 345CFCB425EBD2B500F34F36 /* twolame.xcframework */; };
		345CFCEE25EBD2B600F34F36 /* xvidcore.xcframework in Frameworks */ = {isa = PBXBuildFile; fileRef = 345CFCB525EBD2B500F34F36 /* xvidcore.xcframework */; };
		345CFCEF25EBD2B600F34F36 /* libwebpdemux.xcframework in Frameworks */ = {isa = PBXBuildFile; fileRef = 345CFCB625EBD2B500F34F36 /* libwebpdemux.xcframework */; };
		345CFCF025EBD2B600F34F36 /* expat.xcframework in Frameworks */ = {isa = PBXBuildFile; fileRef = 345CFCB725EBD2B600F34F36 /* expat.xcframework */; };
		345CFCF125EBD2B600F34F36 /* soxr.xcframework in Frameworks */ = {isa = PBXBuildFile; fileRef = 345CFCB825EBD2B600F34F36 /* soxr.xcframework */; };
		345CFCF525EBD2ED00F34F36 /* jpeg.xcframework in Frameworks */ = {isa = PBXBuildFile; fileRef = 345CFCF325EBD2ED00F34F36 /* jpeg.xcframework */; };
		345CFCF625EBD2ED00F34F36 /* ffmpegkit.xcframework in Frameworks */ = {isa = PBXBuildFile; fileRef = 345CFCF425EBD2ED00F34F36 /* ffmpegkit.xcframework */; };
		34695E8A22AD292100889D20 /* AppDelegate.m in Sources */ = {isa = PBXBuildFile; fileRef = 34695E8922AD292100889D20 /* AppDelegate.m */; };
		34695E9022AD292100889D20 /* Main.storyboard in Resources */ = {isa = PBXBuildFile; fileRef = 34695E8E22AD292100889D20 /* Main.storyboard */; };
		34695E9222AD292300889D20 /* Assets.xcassets in Resources */ = {isa = PBXBuildFile; fileRef = 34695E9122AD292300889D20 /* Assets.xcassets */; };
		34695E9522AD292300889D20 /* main.m in Sources */ = {isa = PBXBuildFile; fileRef = 34695E9422AD292300889D20 /* main.m */; };
		34695EB722AD43F900889D20 /* AudioViewController.m in Sources */ = {isa = PBXBuildFile; fileRef = 34695EB522AD43F900889D20 /* AudioViewController.m */; };
		34695EBE22AD440800889D20 /* CommandViewController.m in Sources */ = {isa = PBXBuildFile; fileRef = 34695EBB22AD440800889D20 /* CommandViewController.m */; };
		34695EBF22AD440800889D20 /* HttpsViewController.m in Sources */ = {isa = PBXBuildFile; fileRef = 34695EBC22AD440800889D20 /* HttpsViewController.m */; };
		34695EC022AD440800889D20 /* Constants.m in Sources */ = {isa = PBXBuildFile; fileRef = 34695EBD22AD440800889D20 /* Constants.m */; };
		34695ED022AD441500889D20 /* SubtitleViewController.m in Sources */ = {isa = PBXBuildFile; fileRef = 34695EC322AD441400889D20 /* SubtitleViewController.m */; };
		34695ED122AD441500889D20 /* Util.m in Sources */ = {isa = PBXBuildFile; fileRef = 34695EC522AD441400889D20 /* Util.m */; };
		34695ED222AD441500889D20 /* TabBarController.m in Sources */ = {isa = PBXBuildFile; fileRef = 34695EC622AD441400889D20 /* TabBarController.m */; };
		34695ED322AD441500889D20 /* VidStabViewController.m in Sources */ = {isa = PBXBuildFile; fileRef = 34695ECA22AD441400889D20 /* VidStabViewController.m */; };
		34695ED422AD441500889D20 /* VideoViewController.m in Sources */ = {isa = PBXBuildFile; fileRef = 34695ECC22AD441500889D20 /* VideoViewController.m */; };
		34695ED522AD441500889D20 /* PipeViewController.m in Sources */ = {isa = PBXBuildFile; fileRef = 34695ECE22AD441500889D20 /* PipeViewController.m */; };
		3494908725E16A030017F7CC /* pyramid.jpg in Resources */ = {isa = PBXBuildFile; fileRef = 3494908425E16A030017F7CC /* pyramid.jpg */; };
		3494908825E16A030017F7CC /* machupicchu.jpg in Resources */ = {isa = PBXBuildFile; fileRef = 3494908525E16A030017F7CC /* machupicchu.jpg */; };
		3494908925E16A030017F7CC /* stonehenge.jpg in Resources */ = {isa = PBXBuildFile; fileRef = 3494908625E16A030017F7CC /* stonehenge.jpg */; };
		3494910825E1980B0017F7CC /* Video.m in Sources */ = {isa = PBXBuildFile; fileRef = 3494910625E1980B0017F7CC /* Video.m */; };
		3494910D25E19B1A0017F7CC /* OtherViewController.m in Sources */ = {isa = PBXBuildFile; fileRef = 3494910B25E19B1A0017F7CC /* OtherViewController.m */; };
		3494911325E1A2410017F7CC /* Accelerate.framework in Frameworks */ = {isa = PBXBuildFile; fileRef = 3494911225E1A2410017F7CC /* Accelerate.framework */; };
		34C06BF922AD70C40039DF48 /* VideoToolbox.framework in Frameworks */ = {isa = PBXBuildFile; fileRef = 34C06BF822AD70C30039DF48 /* VideoToolbox.framework */; };
		34C06BFB22AD70CD0039DF48 /* libc++.tbd in Frameworks */ = {isa = PBXBuildFile; fileRef = 34C06BFA22AD70CD0039DF48 /* libc++.tbd */; };
		34C06BFD22AD70D60039DF48 /* libbz2.tbd in Frameworks */ = {isa = PBXBuildFile; fileRef = 34C06BFC22AD70D60039DF48 /* libbz2.tbd */; };
		34C06BFF22AD70E40039DF48 /* libz.tbd in Frameworks */ = {isa = PBXBuildFile; fileRef = 34C06BFE22AD70E40039DF48 /* libz.tbd */; };
		34C06C0122AD71090039DF48 /* GameController.framework in Frameworks */ = {isa = PBXBuildFile; fileRef = 34C06C0022AD71090039DF48 /* GameController.framework */; };
		34C06C0722ADA0B10039DF48 /* TvButton.m in Sources */ = {isa = PBXBuildFile; fileRef = 34C06C0622ADA0B10039DF48 /* TvButton.m */; };
		34C06C0922ADAA4E0039DF48 /* doppioone_regular.ttf in Resources */ = {isa = PBXBuildFile; fileRef = 34DC789921215B5800C3486C /* doppioone_regular.ttf */; };
		34C06C0B22ADAA4E0039DF48 /* sil_open_font_license.txt in Resources */ = {isa = PBXBuildFile; fileRef = 34DC789A21215B5800C3486C /* sil_open_font_license.txt */; };
		34C06C0C22ADAA4E0039DF48 /* subtitle.srt in Resources */ = {isa = PBXBuildFile; fileRef = 34DC789821215B5800C3486C /* subtitle.srt */; };
		34C06C0E22ADAA4E0039DF48 /* truenorg.otf in Resources */ = {isa = PBXBuildFile; fileRef = 34DC789721215B5800C3486C /* truenorg.otf */; };
		34C97E8823CB7655004F75D3 /* libiconv.tbd in Frameworks */ = {isa = PBXBuildFile; fileRef = 34C97E8723CB7655004F75D3 /* libiconv.tbd */; };
		34E281A624A5686C0048B3EC /* ConcurrentExecutionViewController.m in Sources */ = {isa = PBXBuildFile; fileRef = 34E281A524A5686C0048B3EC /* ConcurrentExecutionViewController.m */; };
/* End PBXBuildFile section */

/* Begin PBXFileReference section */
		344D0ED022DE40F200DC2568 /* MediaInformationParserTest.m */ = {isa = PBXFileReference; fileEncoding = 4; lastKnownFileType = sourcecode.c.objc; path = MediaInformationParserTest.m; sourceTree = "<group>"; };
		344D0ED122DE40F200DC2568 /* MediaInformationParserTest.h */ = {isa = PBXFileReference; fileEncoding = 4; lastKnownFileType = sourcecode.c.h; path = MediaInformationParserTest.h; sourceTree = "<group>"; };
		344D0ED322DE40F800DC2568 /* FFmpegKitTest.m */ = {isa = PBXFileReference; fileEncoding = 4; lastKnownFileType = sourcecode.c.objc; path = FFmpegKitTest.m; sourceTree = "<group>"; };
		344D0ED422DE40F800DC2568 /* FFmpegKitTest.h */ = {isa = PBXFileReference; fileEncoding = 4; lastKnownFileType = sourcecode.c.h; path = FFmpegKitTest.h; sourceTree = "<group>"; };
		345CFC8025EBD2B400F34F36 /* openh264.xcframework */ = {isa = PBXFileReference; lastKnownFileType = wrapper.xcframework; path = openh264.xcframework; sourceTree = "<group>"; };
		345CFC8125EBD2B400F34F36 /* libswresample.xcframework */ = {isa = PBXFileReference; lastKnownFileType = wrapper.xcframework; path = libswresample.xcframework; sourceTree = "<group>"; };
		345CFC8225EBD2B400F34F36 /* libavfilter.xcframework */ = {isa = PBXFileReference; lastKnownFileType = wrapper.xcframework; path = libavfilter.xcframework; sourceTree = "<group>"; };
		345CFC8325EBD2B400F34F36 /* libavcodec.xcframework */ = {isa = PBXFileReference; lastKnownFileType = wrapper.xcframework; path = libavcodec.xcframework; sourceTree = "<group>"; };
		345CFC8425EBD2B500F34F36 /* tesseract.xcframework */ = {isa = PBXFileReference; lastKnownFileType = wrapper.xcframework; path = tesseract.xcframework; sourceTree = "<group>"; };
		345CFC8525EBD2B500F34F36 /* libvorbis.xcframework */ = {isa = PBXFileReference; lastKnownFileType = wrapper.xcframework; path = libvorbis.xcframework; sourceTree = "<group>"; };
		345CFC8625EBD2B500F34F36 /* libwebp.xcframework */ = {isa = PBXFileReference; lastKnownFileType = wrapper.xcframework; path = libwebp.xcframework; sourceTree = "<group>"; };
		345CFC8725EBD2B500F34F36 /* tiff.xcframework */ = {isa = PBXFileReference; lastKnownFileType = wrapper.xcframework; path = tiff.xcframework; sourceTree = "<group>"; };
		345CFC8825EBD2B500F34F36 /* libopencore-amrnb.xcframework */ = {isa = PBXFileReference; lastKnownFileType = wrapper.xcframework; path = "libopencore-amrnb.xcframework"; sourceTree = "<group>"; };
		345CFC8925EBD2B500F34F36 /* libswscale.xcframework */ = {isa = PBXFileReference; lastKnownFileType = wrapper.xcframework; path = libswscale.xcframework; sourceTree = "<group>"; };
		345CFC8A25EBD2B500F34F36 /* libtheora.xcframework */ = {isa = PBXFileReference; lastKnownFileType = wrapper.xcframework; path = libtheora.xcframework; sourceTree = "<group>"; };
		345CFC8B25EBD2B500F34F36 /* snappy.xcframework */ = {isa = PBXFileReference; lastKnownFileType = wrapper.xcframework; path = snappy.xcframework; sourceTree = "<group>"; };
		345CFC8C25EBD2B500F34F36 /* libvorbisenc.xcframework */ = {isa = PBXFileReference; lastKnownFileType = wrapper.xcframework; path = libvorbisenc.xcframework; sourceTree = "<group>"; };
		345CFC8D25EBD2B500F34F36 /* libavformat.xcframework */ = {isa = PBXFileReference; lastKnownFileType = wrapper.xcframework; path = libavformat.xcframework; sourceTree = "<group>"; };
		345CFC8E25EBD2B500F34F36 /* shine.xcframework */ = {isa = PBXFileReference; lastKnownFileType = wrapper.xcframework; path = shine.xcframework; sourceTree = "<group>"; };
		345CFC8F25EBD2B500F34F36 /* leptonica.xcframework */ = {isa = PBXFileReference; lastKnownFileType = wrapper.xcframework; path = leptonica.xcframework; sourceTree = "<group>"; };
		345CFC9025EBD2B500F34F36 /* libvpx.xcframework */ = {isa = PBXFileReference; lastKnownFileType = wrapper.xcframework; path = libvpx.xcframework; sourceTree = "<group>"; };
		345CFC9125EBD2B500F34F36 /* opus.xcframework */ = {isa = PBXFileReference; lastKnownFileType = wrapper.xcframework; path = opus.xcframework; sourceTree = "<group>"; };
		345CFC9225EBD2B500F34F36 /* vo-amrwbenc.xcframework */ = {isa = PBXFileReference; lastKnownFileType = wrapper.xcframework; path = "vo-amrwbenc.xcframework"; sourceTree = "<group>"; };
		345CFC9325EBD2B500F34F36 /* libxml2.xcframework */ = {isa = PBXFileReference; lastKnownFileType = wrapper.xcframework; path = libxml2.xcframework; sourceTree = "<group>"; };
		345CFC9425EBD2B500F34F36 /* libtheoraenc.xcframework */ = {isa = PBXFileReference; lastKnownFileType = wrapper.xcframework; path = libtheoraenc.xcframework; sourceTree = "<group>"; };
		345CFC9525EBD2B500F34F36 /* kvazaar.xcframework */ = {isa = PBXFileReference; lastKnownFileType = wrapper.xcframework; path = kvazaar.xcframework; sourceTree = "<group>"; };
		345CFC9625EBD2B500F34F36 /* fontconfig.xcframework */ = {isa = PBXFileReference; lastKnownFileType = wrapper.xcframework; path = fontconfig.xcframework; sourceTree = "<group>"; };
		345CFC9725EBD2B500F34F36 /* freetype.xcframework */ = {isa = PBXFileReference; lastKnownFileType = wrapper.xcframework; path = freetype.xcframework; sourceTree = "<group>"; };
		345CFC9825EBD2B500F34F36 /* libavutil.xcframework */ = {isa = PBXFileReference; lastKnownFileType = wrapper.xcframework; path = libavutil.xcframework; sourceTree = "<group>"; };
		345CFC9925EBD2B500F34F36 /* chromaprint.xcframework */ = {isa = PBXFileReference; lastKnownFileType = wrapper.xcframework; path = chromaprint.xcframework; sourceTree = "<group>"; };
		345CFC9A25EBD2B500F34F36 /* libaom.xcframework */ = {isa = PBXFileReference; lastKnownFileType = wrapper.xcframework; path = libaom.xcframework; sourceTree = "<group>"; };
		345CFC9B25EBD2B500F34F36 /* sdl.xcframework */ = {isa = PBXFileReference; lastKnownFileType = wrapper.xcframework; path = sdl.xcframework; sourceTree = "<group>"; };
		345CFC9C25EBD2B500F34F36 /* libpng.xcframework */ = {isa = PBXFileReference; lastKnownFileType = wrapper.xcframework; path = libpng.xcframework; sourceTree = "<group>"; };
		345CFC9D25EBD2B500F34F36 /* fribidi.xcframework */ = {isa = PBXFileReference; lastKnownFileType = wrapper.xcframework; path = fribidi.xcframework; sourceTree = "<group>"; };
		345CFC9E25EBD2B500F34F36 /* giflib.xcframework */ = {isa = PBXFileReference; lastKnownFileType = wrapper.xcframework; path = giflib.xcframework; sourceTree = "<group>"; };
		345CFC9F25EBD2B500F34F36 /* libsamplerate.xcframework */ = {isa = PBXFileReference; lastKnownFileType = wrapper.xcframework; path = libsamplerate.xcframework; sourceTree = "<group>"; };
		345CFCA025EBD2B500F34F36 /* x265.xcframework */ = {isa = PBXFileReference; lastKnownFileType = wrapper.xcframework; path = x265.xcframework; sourceTree = "<group>"; };
		345CFCA125EBD2B500F34F36 /* speex.xcframework */ = {isa = PBXFileReference; lastKnownFileType = wrapper.xcframework; path = speex.xcframework; sourceTree = "<group>"; };
		345CFCA225EBD2B500F34F36 /* gnutls.xcframework */ = {isa = PBXFileReference; lastKnownFileType = wrapper.xcframework; path = gnutls.xcframework; sourceTree = "<group>"; };
		345CFCA325EBD2B500F34F36 /* libavdevice.xcframework */ = {isa = PBXFileReference; lastKnownFileType = wrapper.xcframework; path = libavdevice.xcframework; sourceTree = "<group>"; };
		345CFCA425EBD2B500F34F36 /* x264.xcframework */ = {isa = PBXFileReference; lastKnownFileType = wrapper.xcframework; path = x264.xcframework; sourceTree = "<group>"; };
		345CFCA525EBD2B500F34F36 /* libsndfile.xcframework */ = {isa = PBXFileReference; lastKnownFileType = wrapper.xcframework; path = libsndfile.xcframework; sourceTree = "<group>"; };
		345CFCA625EBD2B500F34F36 /* libtheoradec.xcframework */ = {isa = PBXFileReference; lastKnownFileType = wrapper.xcframework; path = libtheoradec.xcframework; sourceTree = "<group>"; };
		345CFCA725EBD2B500F34F36 /* dav1d.xcframework */ = {isa = PBXFileReference; lastKnownFileType = wrapper.xcframework; path = dav1d.xcframework; sourceTree = "<group>"; };
		345CFCA825EBD2B500F34F36 /* libnettle.xcframework */ = {isa = PBXFileReference; lastKnownFileType = wrapper.xcframework; path = libnettle.xcframework; sourceTree = "<group>"; };
		345CFCA925EBD2B500F34F36 /* rubberband.xcframework */ = {isa = PBXFileReference; lastKnownFileType = wrapper.xcframework; path = rubberband.xcframework; sourceTree = "<group>"; };
		345CFCAA25EBD2B500F34F36 /* harfbuzz.xcframework */ = {isa = PBXFileReference; lastKnownFileType = wrapper.xcframework; path = harfbuzz.xcframework; sourceTree = "<group>"; };
		345CFCAB25EBD2B500F34F36 /* gmp.xcframework */ = {isa = PBXFileReference; lastKnownFileType = wrapper.xcframework; path = gmp.xcframework; sourceTree = "<group>"; };
		345CFCAC25EBD2B500F34F36 /* libwebpmux.xcframework */ = {isa = PBXFileReference; lastKnownFileType = wrapper.xcframework; path = libwebpmux.xcframework; sourceTree = "<group>"; };
		345CFCAD25EBD2B500F34F36 /* libvidstab.xcframework */ = {isa = PBXFileReference; lastKnownFileType = wrapper.xcframework; path = libvidstab.xcframework; sourceTree = "<group>"; };
		345CFCAE25EBD2B500F34F36 /* libvorbisfile.xcframework */ = {isa = PBXFileReference; lastKnownFileType = wrapper.xcframework; path = libvorbisfile.xcframework; sourceTree = "<group>"; };
		345CFCAF25EBD2B500F34F36 /* lame.xcframework */ = {isa = PBXFileReference; lastKnownFileType = wrapper.xcframework; path = lame.xcframework; sourceTree = "<group>"; };
		345CFCB025EBD2B500F34F36 /* libogg.xcframework */ = {isa = PBXFileReference; lastKnownFileType = wrapper.xcframework; path = libogg.xcframework; sourceTree = "<group>"; };
		345CFCB125EBD2B500F34F36 /* libass.xcframework */ = {isa = PBXFileReference; lastKnownFileType = wrapper.xcframework; path = libass.xcframework; sourceTree = "<group>"; };
		345CFCB225EBD2B500F34F36 /* libhogweed.xcframework */ = {isa = PBXFileReference; lastKnownFileType = wrapper.xcframework; path = libhogweed.xcframework; sourceTree = "<group>"; };
		345CFCB325EBD2B500F34F36 /* libilbc.xcframework */ = {isa = PBXFileReference; lastKnownFileType = wrapper.xcframework; path = libilbc.xcframework; sourceTree = "<group>"; };
		345CFCB425EBD2B500F34F36 /* twolame.xcframework */ = {isa = PBXFileReference; lastKnownFileType = wrapper.xcframework; path = twolame.xcframework; sourceTree = "<group>"; };
		345CFCB525EBD2B500F34F36 /* xvidcore.xcframework */ = {isa = PBXFileReference; lastKnownFileType = wrapper.xcframework; path = xvidcore.xcframework; sourceTree = "<group>"; };
		345CFCB625EBD2B500F34F36 /* libwebpdemux.xcframework */ = {isa = PBXFileReference; lastKnownFileType = wrapper.xcframework; path = libwebpdemux.xcframework; sourceTree = "<group>"; };
		345CFCB725EBD2B600F34F36 /* expat.xcframework */ = {isa = PBXFileReference; lastKnownFileType = wrapper.xcframework; path = expat.xcframework; sourceTree = "<group>"; };
		345CFCB825EBD2B600F34F36 /* soxr.xcframework */ = {isa = PBXFileReference; lastKnownFileType = wrapper.xcframework; path = soxr.xcframework; sourceTree = "<group>"; };
		345CFCF325EBD2ED00F34F36 /* jpeg.xcframework */ = {isa = PBXFileReference; lastKnownFileType = wrapper.xcframework; path = jpeg.xcframework; sourceTree = "<group>"; };
		345CFCF425EBD2ED00F34F36 /* ffmpegkit.xcframework */ = {isa = PBXFileReference; lastKnownFileType = wrapper.xcframework; path = ffmpegkit.xcframework; sourceTree = "<group>"; };
		34695E8622AD292000889D20 /* FFmpegKitTVOS.app */ = {isa = PBXFileReference; explicitFileType = wrapper.application; includeInIndex = 0; path = FFmpegKitTVOS.app; sourceTree = BUILT_PRODUCTS_DIR; };
		34695E8822AD292100889D20 /* AppDelegate.h */ = {isa = PBXFileReference; lastKnownFileType = sourcecode.c.h; path = AppDelegate.h; sourceTree = "<group>"; };
		34695E8922AD292100889D20 /* AppDelegate.m */ = {isa = PBXFileReference; lastKnownFileType = sourcecode.c.objc; path = AppDelegate.m; sourceTree = "<group>"; };
		34695E8F22AD292100889D20 /* Base */ = {isa = PBXFileReference; lastKnownFileType = file.storyboard; name = Base; path = Base.lproj/Main.storyboard; sourceTree = "<group>"; };
		34695E9122AD292300889D20 /* Assets.xcassets */ = {isa = PBXFileReference; lastKnownFileType = folder.assetcatalog; path = Assets.xcassets; sourceTree = "<group>"; };
		34695E9322AD292300889D20 /* Info.plist */ = {isa = PBXFileReference; lastKnownFileType = text.plist.xml; path = Info.plist; sourceTree = "<group>"; };
		34695E9422AD292300889D20 /* main.m */ = {isa = PBXFileReference; lastKnownFileType = sourcecode.c.objc; path = main.m; sourceTree = "<group>"; };
		34695EB522AD43F900889D20 /* AudioViewController.m */ = {isa = PBXFileReference; fileEncoding = 4; lastKnownFileType = sourcecode.c.objc; path = AudioViewController.m; sourceTree = "<group>"; };
		34695EB622AD43F900889D20 /* AudioViewController.h */ = {isa = PBXFileReference; fileEncoding = 4; lastKnownFileType = sourcecode.c.h; path = AudioViewController.h; sourceTree = "<group>"; };
		34695EB822AD440800889D20 /* Constants.h */ = {isa = PBXFileReference; fileEncoding = 4; lastKnownFileType = sourcecode.c.h; path = Constants.h; sourceTree = "<group>"; };
		34695EB922AD440800889D20 /* CommandViewController.h */ = {isa = PBXFileReference; fileEncoding = 4; lastKnownFileType = sourcecode.c.h; path = CommandViewController.h; sourceTree = "<group>"; };
		34695EBA22AD440800889D20 /* HttpsViewController.h */ = {isa = PBXFileReference; fileEncoding = 4; lastKnownFileType = sourcecode.c.h; path = HttpsViewController.h; sourceTree = "<group>"; };
		34695EBB22AD440800889D20 /* CommandViewController.m */ = {isa = PBXFileReference; fileEncoding = 4; lastKnownFileType = sourcecode.c.objc; path = CommandViewController.m; sourceTree = "<group>"; };
		34695EBC22AD440800889D20 /* HttpsViewController.m */ = {isa = PBXFileReference; fileEncoding = 4; lastKnownFileType = sourcecode.c.objc; path = HttpsViewController.m; sourceTree = "<group>"; };
		34695EBD22AD440800889D20 /* Constants.m */ = {isa = PBXFileReference; fileEncoding = 4; lastKnownFileType = sourcecode.c.objc; path = Constants.m; sourceTree = "<group>"; };
		34695EC122AD441400889D20 /* Util.h */ = {isa = PBXFileReference; fileEncoding = 4; lastKnownFileType = sourcecode.c.h; path = Util.h; sourceTree = "<group>"; };
		34695EC322AD441400889D20 /* SubtitleViewController.m */ = {isa = PBXFileReference; fileEncoding = 4; lastKnownFileType = sourcecode.c.objc; path = SubtitleViewController.m; sourceTree = "<group>"; };
		34695EC422AD441400889D20 /* TabBarController.h */ = {isa = PBXFileReference; fileEncoding = 4; lastKnownFileType = sourcecode.c.h; path = TabBarController.h; sourceTree = "<group>"; };
		34695EC522AD441400889D20 /* Util.m */ = {isa = PBXFileReference; fileEncoding = 4; lastKnownFileType = sourcecode.c.objc; path = Util.m; sourceTree = "<group>"; };
		34695EC622AD441400889D20 /* TabBarController.m */ = {isa = PBXFileReference; fileEncoding = 4; lastKnownFileType = sourcecode.c.objc; path = TabBarController.m; sourceTree = "<group>"; };
		34695EC722AD441400889D20 /* SubtitleViewController.h */ = {isa = PBXFileReference; fileEncoding = 4; lastKnownFileType = sourcecode.c.h; path = SubtitleViewController.h; sourceTree = "<group>"; };
		34695EC822AD441400889D20 /* PipeViewController.h */ = {isa = PBXFileReference; fileEncoding = 4; lastKnownFileType = sourcecode.c.h; path = PipeViewController.h; sourceTree = "<group>"; };
		34695EC922AD441400889D20 /* VidStabViewController.h */ = {isa = PBXFileReference; fileEncoding = 4; lastKnownFileType = sourcecode.c.h; path = VidStabViewController.h; sourceTree = "<group>"; };
		34695ECA22AD441400889D20 /* VidStabViewController.m */ = {isa = PBXFileReference; fileEncoding = 4; lastKnownFileType = sourcecode.c.objc; path = VidStabViewController.m; sourceTree = "<group>"; };
		34695ECC22AD441500889D20 /* VideoViewController.m */ = {isa = PBXFileReference; fileEncoding = 4; lastKnownFileType = sourcecode.c.objc; path = VideoViewController.m; sourceTree = "<group>"; };
		34695ECD22AD441500889D20 /* VideoViewController.h */ = {isa = PBXFileReference; fileEncoding = 4; lastKnownFileType = sourcecode.c.h; path = VideoViewController.h; sourceTree = "<group>"; };
		34695ECE22AD441500889D20 /* PipeViewController.m */ = {isa = PBXFileReference; fileEncoding = 4; lastKnownFileType = sourcecode.c.objc; path = PipeViewController.m; sourceTree = "<group>"; };
		3494908425E16A030017F7CC /* pyramid.jpg */ = {isa = PBXFileReference; lastKnownFileType = image.jpeg; path = pyramid.jpg; sourceTree = "<group>"; };
		3494908525E16A030017F7CC /* machupicchu.jpg */ = {isa = PBXFileReference; lastKnownFileType = image.jpeg; path = machupicchu.jpg; sourceTree = "<group>"; };
		3494908625E16A030017F7CC /* stonehenge.jpg */ = {isa = PBXFileReference; lastKnownFileType = image.jpeg; path = stonehenge.jpg; sourceTree = "<group>"; };
		3494910625E1980B0017F7CC /* Video.m */ = {isa = PBXFileReference; fileEncoding = 4; lastKnownFileType = sourcecode.c.objc; path = Video.m; sourceTree = "<group>"; };
		3494910725E1980B0017F7CC /* Video.h */ = {isa = PBXFileReference; fileEncoding = 4; lastKnownFileType = sourcecode.c.h; path = Video.h; sourceTree = "<group>"; };
		3494910B25E19B1A0017F7CC /* OtherViewController.m */ = {isa = PBXFileReference; fileEncoding = 4; lastKnownFileType = sourcecode.c.objc; path = OtherViewController.m; sourceTree = "<group>"; };
		3494910C25E19B1A0017F7CC /* OtherViewController.h */ = {isa = PBXFileReference; fileEncoding = 4; lastKnownFileType = sourcecode.c.h; path = OtherViewController.h; sourceTree = "<group>"; };
		3494911225E1A2410017F7CC /* Accelerate.framework */ = {isa = PBXFileReference; lastKnownFileType = wrapper.framework; name = Accelerate.framework; path = System/Library/Frameworks/Accelerate.framework; sourceTree = SDKROOT; };
		34C06BF822AD70C30039DF48 /* VideoToolbox.framework */ = {isa = PBXFileReference; lastKnownFileType = wrapper.framework; name = VideoToolbox.framework; path = System/Library/Frameworks/VideoToolbox.framework; sourceTree = SDKROOT; };
		34C06BFA22AD70CD0039DF48 /* libc++.tbd */ = {isa = PBXFileReference; lastKnownFileType = "sourcecode.text-based-dylib-definition"; name = "libc++.tbd"; path = "usr/lib/libc++.tbd"; sourceTree = SDKROOT; };
		34C06BFC22AD70D60039DF48 /* libbz2.tbd */ = {isa = PBXFileReference; lastKnownFileType = "sourcecode.text-based-dylib-definition"; name = libbz2.tbd; path = usr/lib/libbz2.tbd; sourceTree = SDKROOT; };
		34C06BFE22AD70E40039DF48 /* libz.tbd */ = {isa = PBXFileReference; lastKnownFileType = "sourcecode.text-based-dylib-definition"; name = libz.tbd; path = usr/lib/libz.tbd; sourceTree = SDKROOT; };
		34C06C0022AD71090039DF48 /* GameController.framework */ = {isa = PBXFileReference; lastKnownFileType = wrapper.framework; name = GameController.framework; path = System/Library/Frameworks/GameController.framework; sourceTree = SDKROOT; };
		34C06C0522ADA0B10039DF48 /* TvButton.h */ = {isa = PBXFileReference; fileEncoding = 4; lastKnownFileType = sourcecode.c.h; path = TvButton.h; sourceTree = "<group>"; };
		34C06C0622ADA0B10039DF48 /* TvButton.m */ = {isa = PBXFileReference; fileEncoding = 4; lastKnownFileType = sourcecode.c.objc; path = TvButton.m; sourceTree = "<group>"; };
		34C97E8723CB7655004F75D3 /* libiconv.tbd */ = {isa = PBXFileReference; lastKnownFileType = "sourcecode.text-based-dylib-definition"; name = libiconv.tbd; path = usr/lib/libiconv.tbd; sourceTree = SDKROOT; };
		34D678CE25E2DA25004564B7 /* FFmpegKitTVOS.entitlements */ = {isa = PBXFileReference; fileEncoding = 4; lastKnownFileType = text.plist.entitlements; path = FFmpegKitTVOS.entitlements; sourceTree = "<group>"; };
		34DC789721215B5800C3486C /* truenorg.otf */ = {isa = PBXFileReference; lastKnownFileType = file; path = truenorg.otf; sourceTree = "<group>"; };
		34DC789821215B5800C3486C /* subtitle.srt */ = {isa = PBXFileReference; fileEncoding = 4; lastKnownFileType = text; path = subtitle.srt; sourceTree = "<group>"; };
		34DC789921215B5800C3486C /* doppioone_regular.ttf */ = {isa = PBXFileReference; lastKnownFileType = file; path = doppioone_regular.ttf; sourceTree = "<group>"; };
		34DC789A21215B5800C3486C /* sil_open_font_license.txt */ = {isa = PBXFileReference; fileEncoding = 4; lastKnownFileType = text; path = sil_open_font_license.txt; sourceTree = "<group>"; };
		34E281A424A5686C0048B3EC /* ConcurrentExecutionViewController.h */ = {isa = PBXFileReference; fileEncoding = 4; lastKnownFileType = sourcecode.c.h; path = ConcurrentExecutionViewController.h; sourceTree = "<group>"; };
		34E281A524A5686C0048B3EC /* ConcurrentExecutionViewController.m */ = {isa = PBXFileReference; fileEncoding = 4; lastKnownFileType = sourcecode.c.objc; path = ConcurrentExecutionViewController.m; sourceTree = "<group>"; };
/* End PBXFileReference section */

/* Begin PBXFrameworksBuildPhase section */
		34695E8322AD292000889D20 /* Frameworks */ = {
			isa = PBXFrameworksBuildPhase;
			buildActionMask = 2147483647;
			files = (
				3494911325E1A2410017F7CC /* Accelerate.framework in Frameworks */,
				345CFCF025EBD2B600F34F36 /* expat.xcframework in Frameworks */,
				345CFCD825EBD2B600F34F36 /* libsamplerate.xcframework in Frameworks */,
				345CFCD525EBD2B600F34F36 /* libpng.xcframework in Frameworks */,
				345CFCEB25EBD2B600F34F36 /* libhogweed.xcframework in Frameworks */,
				345CFCEC25EBD2B600F34F36 /* libilbc.xcframework in Frameworks */,
				345CFCEA25EBD2B600F34F36 /* libass.xcframework in Frameworks */,
				345CFCE225EBD2B600F34F36 /* rubberband.xcframework in Frameworks */,
				345CFCDC25EBD2B600F34F36 /* libavdevice.xcframework in Frameworks */,
				345CFCE325EBD2B600F34F36 /* harfbuzz.xcframework in Frameworks */,
				345CFCF525EBD2ED00F34F36 /* jpeg.xcframework in Frameworks */,
				345CFCF625EBD2ED00F34F36 /* ffmpegkit.xcframework in Frameworks */,
				345CFCC625EBD2B600F34F36 /* libavformat.xcframework in Frameworks */,
				345CFCE425EBD2B600F34F36 /* gmp.xcframework in Frameworks */,
				345CFCE025EBD2B600F34F36 /* dav1d.xcframework in Frameworks */,
				345CFCBA25EBD2B600F34F36 /* libswresample.xcframework in Frameworks */,
				345CFCD625EBD2B600F34F36 /* fribidi.xcframework in Frameworks */,
				345CFCCC25EBD2B600F34F36 /* libxml2.xcframework in Frameworks */,
				345CFCDA25EBD2B600F34F36 /* speex.xcframework in Frameworks */,
				345CFCE925EBD2B600F34F36 /* libogg.xcframework in Frameworks */,
				345CFCC725EBD2B600F34F36 /* shine.xcframework in Frameworks */,
				345CFCB925EBD2B600F34F36 /* openh264.xcframework in Frameworks */,
				345CFCC825EBD2B600F34F36 /* leptonica.xcframework in Frameworks */,
				345CFCE725EBD2B600F34F36 /* libvorbisfile.xcframework in Frameworks */,
				345CFCD325EBD2B600F34F36 /* libaom.xcframework in Frameworks */,
				345CFCCA25EBD2B600F34F36 /* opus.xcframework in Frameworks */,
				345CFCE125EBD2B600F34F36 /* libnettle.xcframework in Frameworks */,
				345CFCEE25EBD2B600F34F36 /* xvidcore.xcframework in Frameworks */,
				345CFCD925EBD2B600F34F36 /* x265.xcframework in Frameworks */,
				345CFCDD25EBD2B600F34F36 /* x264.xcframework in Frameworks */,
				345CFCC225EBD2B600F34F36 /* libswscale.xcframework in Frameworks */,
				345CFCC125EBD2B600F34F36 /* libopencore-amrnb.xcframework in Frameworks */,
				34C97E8823CB7655004F75D3 /* libiconv.tbd in Frameworks */,
				345CFCE525EBD2B600F34F36 /* libwebpmux.xcframework in Frameworks */,
				345CFCCD25EBD2B600F34F36 /* libtheoraenc.xcframework in Frameworks */,
				345CFCED25EBD2B600F34F36 /* twolame.xcframework in Frameworks */,
				345CFCBC25EBD2B600F34F36 /* libavcodec.xcframework in Frameworks */,
				345CFCD725EBD2B600F34F36 /* giflib.xcframework in Frameworks */,
				34C06C0122AD71090039DF48 /* GameController.framework in Frameworks */,
				345CFCE625EBD2B600F34F36 /* libvidstab.xcframework in Frameworks */,
				345CFCD025EBD2B600F34F36 /* freetype.xcframework in Frameworks */,
				345CFCCF25EBD2B600F34F36 /* fontconfig.xcframework in Frameworks */,
				345CFCC325EBD2B600F34F36 /* libtheora.xcframework in Frameworks */,
				345CFCD425EBD2B600F34F36 /* sdl.xcframework in Frameworks */,
				345CFCDF25EBD2B600F34F36 /* libtheoradec.xcframework in Frameworks */,
				345CFCD225EBD2B600F34F36 /* chromaprint.xcframework in Frameworks */,
				345CFCC525EBD2B600F34F36 /* libvorbisenc.xcframework in Frameworks */,
				345CFCDE25EBD2B600F34F36 /* libsndfile.xcframework in Frameworks */,
				345CFCC425EBD2B600F34F36 /* snappy.xcframework in Frameworks */,
				345CFCCE25EBD2B600F34F36 /* kvazaar.xcframework in Frameworks */,
				345CFCE825EBD2B600F34F36 /* lame.xcframework in Frameworks */,
				345CFCC925EBD2B600F34F36 /* libvpx.xcframework in Frameworks */,
				345CFCBD25EBD2B600F34F36 /* tesseract.xcframework in Frameworks */,
				345CFCF125EBD2B600F34F36 /* soxr.xcframework in Frameworks */,
				345CFCBE25EBD2B600F34F36 /* libvorbis.xcframework in Frameworks */,
				34C06BFF22AD70E40039DF48 /* libz.tbd in Frameworks */,
				345CFCD125EBD2B600F34F36 /* libavutil.xcframework in Frameworks */,
				345CFCC025EBD2B600F34F36 /* tiff.xcframework in Frameworks */,
				34C06BFD22AD70D60039DF48 /* libbz2.tbd in Frameworks */,
				345CFCDB25EBD2B600F34F36 /* gnutls.xcframework in Frameworks */,
				34C06BFB22AD70CD0039DF48 /* libc++.tbd in Frameworks */,
				345CFCBB25EBD2B600F34F36 /* libavfilter.xcframework in Frameworks */,
				34C06BF922AD70C40039DF48 /* VideoToolbox.framework in Frameworks */,
				345CFCEF25EBD2B600F34F36 /* libwebpdemux.xcframework in Frameworks */,
				345CFCBF25EBD2B600F34F36 /* libwebp.xcframework in Frameworks */,
				345CFCCB25EBD2B600F34F36 /* vo-amrwbenc.xcframework in Frameworks */,
			);
			runOnlyForDeploymentPostprocessing = 0;
		};
/* End PBXFrameworksBuildPhase section */

/* Begin PBXGroup section */
		34695E8722AD292100889D20 /* FFmpegKitTVOS */ = {
			isa = PBXGroup;
			children = (
				34D678CE25E2DA25004564B7 /* FFmpegKitTVOS.entitlements */,
				34695E8822AD292100889D20 /* AppDelegate.h */,
				34695E8922AD292100889D20 /* AppDelegate.m */,
				34695E9122AD292300889D20 /* Assets.xcassets */,
				34695EB622AD43F900889D20 /* AudioViewController.h */,
				34695EB522AD43F900889D20 /* AudioViewController.m */,
				34695EB922AD440800889D20 /* CommandViewController.h */,
				34695EBB22AD440800889D20 /* CommandViewController.m */,
				34E281A424A5686C0048B3EC /* ConcurrentExecutionViewController.h */,
				34E281A524A5686C0048B3EC /* ConcurrentExecutionViewController.m */,
				34695EB822AD440800889D20 /* Constants.h */,
				34695EBD22AD440800889D20 /* Constants.m */,
				344D0ED422DE40F800DC2568 /* FFmpegKitTest.h */,
				344D0ED322DE40F800DC2568 /* FFmpegKitTest.m */,
				34695EBA22AD440800889D20 /* HttpsViewController.h */,
				34695EBC22AD440800889D20 /* HttpsViewController.m */,
				34695E9322AD292300889D20 /* Info.plist */,
				34695E9422AD292300889D20 /* main.m */,
				34695E8E22AD292100889D20 /* Main.storyboard */,
				344D0ED122DE40F200DC2568 /* MediaInformationParserTest.h */,
				344D0ED022DE40F200DC2568 /* MediaInformationParserTest.m */,
				3494910C25E19B1A0017F7CC /* OtherViewController.h */,
				3494910B25E19B1A0017F7CC /* OtherViewController.m */,
				34695EC822AD441400889D20 /* PipeViewController.h */,
				34695ECE22AD441500889D20 /* PipeViewController.m */,
				34695EC722AD441400889D20 /* SubtitleViewController.h */,
				34695EC322AD441400889D20 /* SubtitleViewController.m */,
				34695EC422AD441400889D20 /* TabBarController.h */,
				34695EC622AD441400889D20 /* TabBarController.m */,
				34C06C0522ADA0B10039DF48 /* TvButton.h */,
				34C06C0622ADA0B10039DF48 /* TvButton.m */,
				34695EC122AD441400889D20 /* Util.h */,
				34695EC522AD441400889D20 /* Util.m */,
				3494910725E1980B0017F7CC /* Video.h */,
				3494910625E1980B0017F7CC /* Video.m */,
				34695ECD22AD441500889D20 /* VideoViewController.h */,
				34695ECC22AD441500889D20 /* VideoViewController.m */,
				34695EC922AD441400889D20 /* VidStabViewController.h */,
				34695ECA22AD441400889D20 /* VidStabViewController.m */,
			);
			path = FFmpegKitTVOS;
			sourceTree = "<group>";
		};
		346AA95920B2ED94000623FE /* Resources */ = {
			isa = PBXGroup;
			children = (
				3494908525E16A030017F7CC /* machupicchu.jpg */,
				3494908425E16A030017F7CC /* pyramid.jpg */,
				3494908625E16A030017F7CC /* stonehenge.jpg */,
				34DC789921215B5800C3486C /* doppioone_regular.ttf */,
				34DC789A21215B5800C3486C /* sil_open_font_license.txt */,
				34DC789821215B5800C3486C /* subtitle.srt */,
				34DC789721215B5800C3486C /* truenorg.otf */,
			);
			path = Resources;
			sourceTree = "<group>";
		};
		3498DC65209F7F1C005F5883 /* Frameworks */ = {
			isa = PBXGroup;
			children = (
				3494911225E1A2410017F7CC /* Accelerate.framework */,
				34C97E8723CB7655004F75D3 /* libiconv.tbd */,
				345CFC9925EBD2B500F34F36 /* chromaprint.xcframework */,
				345CFCA725EBD2B500F34F36 /* dav1d.xcframework */,
				345CFCB725EBD2B600F34F36 /* expat.xcframework */,
				345CFC9625EBD2B500F34F36 /* fontconfig.xcframework */,
				345CFC9725EBD2B500F34F36 /* freetype.xcframework */,
				345CFC9D25EBD2B500F34F36 /* fribidi.xcframework */,
				345CFC9E25EBD2B500F34F36 /* giflib.xcframework */,
				345CFCAB25EBD2B500F34F36 /* gmp.xcframework */,
				345CFCA225EBD2B500F34F36 /* gnutls.xcframework */,
				345CFCAA25EBD2B500F34F36 /* harfbuzz.xcframework */,
				345CFC9525EBD2B500F34F36 /* kvazaar.xcframework */,
				345CFCAF25EBD2B500F34F36 /* lame.xcframework */,
				345CFC8F25EBD2B500F34F36 /* leptonica.xcframework */,
				345CFC9A25EBD2B500F34F36 /* libaom.xcframework */,
				345CFCB125EBD2B500F34F36 /* libass.xcframework */,
				345CFC8325EBD2B400F34F36 /* libavcodec.xcframework */,
				345CFCA325EBD2B500F34F36 /* libavdevice.xcframework */,
				345CFC8225EBD2B400F34F36 /* libavfilter.xcframework */,
				345CFC8D25EBD2B500F34F36 /* libavformat.xcframework */,
				345CFC9825EBD2B500F34F36 /* libavutil.xcframework */,
				345CFCB225EBD2B500F34F36 /* libhogweed.xcframework */,
				345CFCB325EBD2B500F34F36 /* libilbc.xcframework */,
				345CFCA825EBD2B500F34F36 /* libnettle.xcframework */,
				345CFCB025EBD2B500F34F36 /* libogg.xcframework */,
				345CFC8825EBD2B500F34F36 /* libopencore-amrnb.xcframework */,
				345CFC9C25EBD2B500F34F36 /* libpng.xcframework */,
				345CFC9F25EBD2B500F34F36 /* libsamplerate.xcframework */,
				345CFCA525EBD2B500F34F36 /* libsndfile.xcframework */,
				345CFC8125EBD2B400F34F36 /* libswresample.xcframework */,
				345CFC8925EBD2B500F34F36 /* libswscale.xcframework */,
				345CFC8A25EBD2B500F34F36 /* libtheora.xcframework */,
				345CFCA625EBD2B500F34F36 /* libtheoradec.xcframework */,
				345CFC9425EBD2B500F34F36 /* libtheoraenc.xcframework */,
				345CFCAD25EBD2B500F34F36 /* libvidstab.xcframework */,
				345CFC8525EBD2B500F34F36 /* libvorbis.xcframework */,
				345CFC8C25EBD2B500F34F36 /* libvorbisenc.xcframework */,
				345CFCAE25EBD2B500F34F36 /* libvorbisfile.xcframework */,
				345CFC9025EBD2B500F34F36 /* libvpx.xcframework */,
				345CFC8625EBD2B500F34F36 /* libwebp.xcframework */,
				345CFCB625EBD2B500F34F36 /* libwebpdemux.xcframework */,
				345CFCF425EBD2ED00F34F36 /* ffmpegkit.xcframework */,
				345CFCF325EBD2ED00F34F36 /* jpeg.xcframework */,
				345CFCAC25EBD2B500F34F36 /* libwebpmux.xcframework */,
				345CFC9325EBD2B500F34F36 /* libxml2.xcframework */,
				345CFC8025EBD2B400F34F36 /* openh264.xcframework */,
				345CFC9125EBD2B500F34F36 /* opus.xcframework */,
				345CFCA925EBD2B500F34F36 /* rubberband.xcframework */,
				345CFC9B25EBD2B500F34F36 /* sdl.xcframework */,
				345CFC8E25EBD2B500F34F36 /* shine.xcframework */,
				345CFC8B25EBD2B500F34F36 /* snappy.xcframework */,
				345CFCB825EBD2B600F34F36 /* soxr.xcframework */,
				345CFCA125EBD2B500F34F36 /* speex.xcframework */,
				345CFC8425EBD2B500F34F36 /* tesseract.xcframework */,
				345CFC8725EBD2B500F34F36 /* tiff.xcframework */,
				345CFCB425EBD2B500F34F36 /* twolame.xcframework */,
				345CFC9225EBD2B500F34F36 /* vo-amrwbenc.xcframework */,
				345CFCA425EBD2B500F34F36 /* x264.xcframework */,
				345CFCA025EBD2B500F34F36 /* x265.xcframework */,
				345CFCB525EBD2B500F34F36 /* xvidcore.xcframework */,
				34C06C0022AD71090039DF48 /* GameController.framework */,
				34C06BFE22AD70E40039DF48 /* libz.tbd */,
				34C06BFC22AD70D60039DF48 /* libbz2.tbd */,
				34C06BFA22AD70CD0039DF48 /* libc++.tbd */,
				34C06BF822AD70C30039DF48 /* VideoToolbox.framework */,
			);
			name = Frameworks;
			sourceTree = "<group>";
		};
		34FAE207209F7DDD005CE2AE = {
			isa = PBXGroup;
			children = (
				346AA95920B2ED94000623FE /* Resources */,
				34695E8722AD292100889D20 /* FFmpegKitTVOS */,
				34FAE211209F7DDD005CE2AE /* Products */,
				3498DC65209F7F1C005F5883 /* Frameworks */,
			);
			sourceTree = "<group>";
		};
		34FAE211209F7DDD005CE2AE /* Products */ = {
			isa = PBXGroup;
			children = (
				34695E8622AD292000889D20 /* FFmpegKitTVOS.app */,
			);
			name = Products;
			sourceTree = "<group>";
		};
/* End PBXGroup section */

/* Begin PBXNativeTarget section */
		34695E8522AD292000889D20 /* FFmpegKitTVOS */ = {
			isa = PBXNativeTarget;
			buildConfigurationList = 34695EAC22AD292400889D20 /* Build configuration list for PBXNativeTarget "FFmpegKitTVOS" */;
			buildPhases = (
				34695E8222AD292000889D20 /* Sources */,
				34695E8322AD292000889D20 /* Frameworks */,
				34695E8422AD292000889D20 /* Resources */,
			);
			buildRules = (
			);
			dependencies = (
			);
			name = FFmpegKitTVOS;
			productName = FFmpegKitTVOS;
			productReference = 34695E8622AD292000889D20 /* FFmpegKitTVOS.app */;
			productType = "com.apple.product-type.application";
		};
/* End PBXNativeTarget section */

/* Begin PBXProject section */
		34FAE208209F7DDD005CE2AE /* Project object */ = {
			isa = PBXProject;
			attributes = {
				LastUpgradeCheck = 0930;
				ORGANIZATIONNAME = ARTHENICA;
				TargetAttributes = {
					34695E8522AD292000889D20 = {
						CreatedOnToolsVersion = 10.2.1;
						ProvisioningStyle = Automatic;
					};
				};
			};
			buildConfigurationList = 34FAE20B209F7DDD005CE2AE /* Build configuration list for PBXProject "FFmpegKitTVOS" */;
			compatibilityVersion = "Xcode 8.0";
			developmentRegion = en;
			hasScannedForEncodings = 0;
			knownRegions = (
				en,
				Base,
			);
			mainGroup = 34FAE207209F7DDD005CE2AE;
			productRefGroup = 34FAE211209F7DDD005CE2AE /* Products */;
			projectDirPath = "";
			projectRoot = "";
			targets = (
				34695E8522AD292000889D20 /* FFmpegKitTVOS */,
			);
		};
/* End PBXProject section */

/* Begin PBXResourcesBuildPhase section */
		34695E8422AD292000889D20 /* Resources */ = {
			isa = PBXResourcesBuildPhase;
			buildActionMask = 2147483647;
			files = (
				3494908825E16A030017F7CC /* machupicchu.jpg in Resources */,
				3494908925E16A030017F7CC /* stonehenge.jpg in Resources */,
				34C06C0922ADAA4E0039DF48 /* doppioone_regular.ttf in Resources */,
				34C06C0B22ADAA4E0039DF48 /* sil_open_font_license.txt in Resources */,
				34C06C0C22ADAA4E0039DF48 /* subtitle.srt in Resources */,
				34C06C0E22ADAA4E0039DF48 /* truenorg.otf in Resources */,
				3494908725E16A030017F7CC /* pyramid.jpg in Resources */,
				34695E9222AD292300889D20 /* Assets.xcassets in Resources */,
				34695E9022AD292100889D20 /* Main.storyboard in Resources */,
			);
			runOnlyForDeploymentPostprocessing = 0;
		};
/* End PBXResourcesBuildPhase section */

/* Begin PBXSourcesBuildPhase section */
		34695E8222AD292000889D20 /* Sources */ = {
			isa = PBXSourcesBuildPhase;
			buildActionMask = 2147483647;
			files = (
				344D0ED222DE40F200DC2568 /* MediaInformationParserTest.m in Sources */,
				34695EBF22AD440800889D20 /* HttpsViewController.m in Sources */,
				3494910825E1980B0017F7CC /* Video.m in Sources */,
				3494910D25E19B1A0017F7CC /* OtherViewController.m in Sources */,
				34C06C0722ADA0B10039DF48 /* TvButton.m in Sources */,
				34695EB722AD43F900889D20 /* AudioViewController.m in Sources */,
				34E281A624A5686C0048B3EC /* ConcurrentExecutionViewController.m in Sources */,
				34695E9522AD292300889D20 /* main.m in Sources */,
				34695EBE22AD440800889D20 /* CommandViewController.m in Sources */,
				34695ED222AD441500889D20 /* TabBarController.m in Sources */,
				34695ED322AD441500889D20 /* VidStabViewController.m in Sources */,
				34695ED122AD441500889D20 /* Util.m in Sources */,
				34695EC022AD440800889D20 /* Constants.m in Sources */,
				34695ED022AD441500889D20 /* SubtitleViewController.m in Sources */,
				34695ED522AD441500889D20 /* PipeViewController.m in Sources */,
				34695ED422AD441500889D20 /* VideoViewController.m in Sources */,
				34695E8A22AD292100889D20 /* AppDelegate.m in Sources */,
				344D0ED522DE40F800DC2568 /* FFmpegKitTest.m in Sources */,
			);
			runOnlyForDeploymentPostprocessing = 0;
		};
/* End PBXSourcesBuildPhase section */

/* Begin PBXVariantGroup section */
		34695E8E22AD292100889D20 /* Main.storyboard */ = {
			isa = PBXVariantGroup;
			children = (
				34695E8F22AD292100889D20 /* Base */,
			);
			name = Main.storyboard;
			sourceTree = "<group>";
		};
/* End PBXVariantGroup section */

/* Begin XCBuildConfiguration section */
		34695EAD22AD292400889D20 /* Debug */ = {
			isa = XCBuildConfiguration;
			buildSettings = {
				ASSETCATALOG_COMPILER_APPICON_NAME = "App Icon & Top Shelf Image";
				ASSETCATALOG_COMPILER_LAUNCHIMAGE_NAME = LaunchImage;
				CODE_SIGN_IDENTITY = "iPhone Developer";
				CODE_SIGN_STYLE = Automatic;
				CURRENT_PROJECT_VERSION = 2;
				DEVELOPMENT_TEAM = 98GD5J4999;
				FRAMEWORK_SEARCH_PATHS = (
					"$(inherited)",
					"$(PROJECT_DIR)/**",
				);
				INFOPLIST_FILE = "$(SRCROOT)/FFmpegKitTVOS/Info.plist";
				LD_RUNPATH_SEARCH_PATHS = (
					"$(inherited)",
					"@executable_path/Frameworks",
				);
				MTL_ENABLE_DEBUG_INFO = INCLUDE_SOURCE;
				MTL_FAST_MATH = YES;
				PRODUCT_BUNDLE_IDENTIFIER = com.arthenica.ffmpegkit.FFmpegKitTVOS;
				PRODUCT_NAME = "$(TARGET_NAME)";
				PROVISIONING_PROFILE_SPECIFIER = "";
				TARGETED_DEVICE_FAMILY = 3;
				TVOS_DEPLOYMENT_TARGET = 11.3;
			};
			name = Debug;
		};
		34695EAE22AD292400889D20 /* Release */ = {
			isa = XCBuildConfiguration;
			buildSettings = {
				ASSETCATALOG_COMPILER_APPICON_NAME = "App Icon & Top Shelf Image";
				ASSETCATALOG_COMPILER_LAUNCHIMAGE_NAME = LaunchImage;
				CODE_SIGN_IDENTITY = "iPhone Developer";
				CODE_SIGN_STYLE = Automatic;
				CURRENT_PROJECT_VERSION = 2;
				DEVELOPMENT_TEAM = 98GD5J4999;
				FRAMEWORK_SEARCH_PATHS = (
					"$(inherited)",
					"$(PROJECT_DIR)/**",
				);
				INFOPLIST_FILE = "$(SRCROOT)/FFmpegKitTVOS/Info.plist";
				LD_RUNPATH_SEARCH_PATHS = (
					"$(inherited)",
					"@executable_path/Frameworks",
				);
				MTL_FAST_MATH = YES;
				PRODUCT_BUNDLE_IDENTIFIER = com.arthenica.ffmpegkit.FFmpegKitTVOS;
				PRODUCT_NAME = "$(TARGET_NAME)";
				PROVISIONING_PROFILE_SPECIFIER = "";
				TARGETED_DEVICE_FAMILY = 3;
				TVOS_DEPLOYMENT_TARGET = 11.3;
			};
			name = Release;
		};
		34FAE227209F7DDE005CE2AE /* Debug */ = {
			isa = XCBuildConfiguration;
			buildSettings = {
				ALWAYS_EMBED_SWIFT_STANDARD_LIBRARIES = NO;
				ALWAYS_SEARCH_USER_PATHS = NO;
				CLANG_ANALYZER_NONNULL = YES;
				CLANG_ANALYZER_NUMBER_OBJECT_CONVERSION = YES_AGGRESSIVE;
				CLANG_CXX_LANGUAGE_STANDARD = "gnu++14";
				CLANG_CXX_LIBRARY = "libc++";
				CLANG_ENABLE_MODULES = YES;
				CLANG_ENABLE_OBJC_ARC = YES;
				CLANG_ENABLE_OBJC_WEAK = YES;
				CLANG_WARN_BLOCK_CAPTURE_AUTORELEASING = YES;
				CLANG_WARN_BOOL_CONVERSION = YES;
				CLANG_WARN_COMMA = YES;
				CLANG_WARN_CONSTANT_CONVERSION = YES;
				CLANG_WARN_DEPRECATED_OBJC_IMPLEMENTATIONS = YES;
				CLANG_WARN_DIRECT_OBJC_ISA_USAGE = YES_ERROR;
				CLANG_WARN_DOCUMENTATION_COMMENTS = YES;
				CLANG_WARN_EMPTY_BODY = YES;
				CLANG_WARN_ENUM_CONVERSION = YES;
				CLANG_WARN_INFINITE_RECURSION = YES;
				CLANG_WARN_INT_CONVERSION = YES;
				CLANG_WARN_NON_LITERAL_NULL_CONVERSION = YES;
				CLANG_WARN_OBJC_IMPLICIT_RETAIN_SELF = YES;
				CLANG_WARN_OBJC_LITERAL_CONVERSION = YES;
				CLANG_WARN_OBJC_ROOT_CLASS = YES_ERROR;
				CLANG_WARN_RANGE_LOOP_ANALYSIS = YES;
				CLANG_WARN_STRICT_PROTOTYPES = YES;
				CLANG_WARN_SUSPICIOUS_MOVE = YES;
				CLANG_WARN_UNGUARDED_AVAILABILITY = YES_AGGRESSIVE;
				CLANG_WARN_UNREACHABLE_CODE = YES;
				CLANG_WARN__DUPLICATE_METHOD_MATCH = YES;
				CODE_SIGN_IDENTITY = "iPhone Developer";
				COPY_PHASE_STRIP = NO;
				DEBUG_INFORMATION_FORMAT = dwarf;
				ENABLE_STRICT_OBJC_MSGSEND = YES;
				ENABLE_TESTABILITY = YES;
				GCC_C_LANGUAGE_STANDARD = gnu11;
				GCC_DYNAMIC_NO_PIC = NO;
				GCC_NO_COMMON_BLOCKS = YES;
				GCC_OPTIMIZATION_LEVEL = 0;
				GCC_PREPROCESSOR_DEFINITIONS = (
					"DEBUG=1",
					"$(inherited)",
				);
				GCC_WARN_64_TO_32_BIT_CONVERSION = YES;
				GCC_WARN_ABOUT_RETURN_TYPE = YES_ERROR;
				GCC_WARN_UNDECLARED_SELECTOR = YES;
				GCC_WARN_UNINITIALIZED_AUTOS = YES_AGGRESSIVE;
				GCC_WARN_UNUSED_FUNCTION = YES;
				GCC_WARN_UNUSED_VARIABLE = YES;
				IPHONEOS_DEPLOYMENT_TARGET = 11.0;
				MTL_ENABLE_DEBUG_INFO = YES;
				ONLY_ACTIVE_ARCH = YES;
				OTHER_CODE_SIGN_FLAGS = "";
				OTHER_LIBTOOLFLAGS = "-liconv";
				SDKROOT = appletvos;
			};
			name = Debug;
		};
		34FAE228209F7DDE005CE2AE /* Release */ = {
			isa = XCBuildConfiguration;
			buildSettings = {
				ALWAYS_EMBED_SWIFT_STANDARD_LIBRARIES = NO;
				ALWAYS_SEARCH_USER_PATHS = NO;
				CLANG_ANALYZER_NONNULL = YES;
				CLANG_ANALYZER_NUMBER_OBJECT_CONVERSION = YES_AGGRESSIVE;
				CLANG_CXX_LANGUAGE_STANDARD = "gnu++14";
				CLANG_CXX_LIBRARY = "libc++";
				CLANG_ENABLE_MODULES = YES;
				CLANG_ENABLE_OBJC_ARC = YES;
				CLANG_ENABLE_OBJC_WEAK = YES;
				CLANG_WARN_BLOCK_CAPTURE_AUTORELEASING = YES;
				CLANG_WARN_BOOL_CONVERSION = YES;
				CLANG_WARN_COMMA = YES;
				CLANG_WARN_CONSTANT_CONVERSION = YES;
				CLANG_WARN_DEPRECATED_OBJC_IMPLEMENTATIONS = YES;
				CLANG_WARN_DIRECT_OBJC_ISA_USAGE = YES_ERROR;
				CLANG_WARN_DOCUMENTATION_COMMENTS = YES;
				CLANG_WARN_EMPTY_BODY = YES;
				CLANG_WARN_ENUM_CONVERSION = YES;
				CLANG_WARN_INFINITE_RECURSION = YES;
				CLANG_WARN_INT_CONVERSION = YES;
				CLANG_WARN_NON_LITERAL_NULL_CONVERSION = YES;
				CLANG_WARN_OBJC_IMPLICIT_RETAIN_SELF = YES;
				CLANG_WARN_OBJC_LITERAL_CONVERSION = YES;
				CLANG_WARN_OBJC_ROOT_CLASS = YES_ERROR;
				CLANG_WARN_RANGE_LOOP_ANALYSIS = YES;
				CLANG_WARN_STRICT_PROTOTYPES = YES;
				CLANG_WARN_SUSPICIOUS_MOVE = YES;
				CLANG_WARN_UNGUARDED_AVAILABILITY = YES_AGGRESSIVE;
				CLANG_WARN_UNREACHABLE_CODE = YES;
				CLANG_WARN__DUPLICATE_METHOD_MATCH = YES;
				CODE_SIGN_IDENTITY = "iPhone Developer";
				COPY_PHASE_STRIP = NO;
				DEBUG_INFORMATION_FORMAT = "dwarf-with-dsym";
				ENABLE_NS_ASSERTIONS = NO;
				ENABLE_STRICT_OBJC_MSGSEND = YES;
				GCC_C_LANGUAGE_STANDARD = gnu11;
				GCC_NO_COMMON_BLOCKS = YES;
				GCC_WARN_64_TO_32_BIT_CONVERSION = YES;
				GCC_WARN_ABOUT_RETURN_TYPE = YES_ERROR;
				GCC_WARN_UNDECLARED_SELECTOR = YES;
				GCC_WARN_UNINITIALIZED_AUTOS = YES_AGGRESSIVE;
				GCC_WARN_UNUSED_FUNCTION = YES;
				GCC_WARN_UNUSED_VARIABLE = YES;
				IPHONEOS_DEPLOYMENT_TARGET = 11.0;
				MTL_ENABLE_DEBUG_INFO = NO;
				OTHER_CODE_SIGN_FLAGS = "";
				OTHER_LIBTOOLFLAGS = "-liconv";
				SDKROOT = appletvos;
				VALIDATE_PRODUCT = YES;
			};
			name = Release;
		};
/* End XCBuildConfiguration section */

/* Begin XCConfigurationList section */
		34695EAC22AD292400889D20 /* Build configuration list for PBXNativeTarget "FFmpegKitTVOS" */ = {
			isa = XCConfigurationList;
			buildConfigurations = (
				34695EAD22AD292400889D20 /* Debug */,
				34695EAE22AD292400889D20 /* Release */,
			);
			defaultConfigurationIsVisible = 0;
			defaultConfigurationName = Release;
		};
		34FAE20B209F7DDD005CE2AE /* Build configuration list for PBXProject "FFmpegKitTVOS" */ = {
			isa = XCConfigurationList;
			buildConfigurations = (
				34FAE227209F7DDE005CE2AE /* Debug */,
				34FAE228209F7DDE005CE2AE /* Release */,
			);
			defaultConfigurationIsVisible = 0;
			defaultConfigurationName = Release;
		};
/* End XCConfigurationList section */
	};
	rootObject = 34FAE208209F7DDD005CE2AE /* Project object */;
}
