PODS:
  - ffmpeg-kit-macos-video (6.0.LTS)
  - ffmpeg_kit_flutter_video (6.0.2.LTS):
    - ffmpeg_kit_flutter_video/video-lts (= 6.0.2.LTS)
    - FlutterMacOS
  - ffmpeg_kit_flutter_video/video-lts (6.0.2.LTS):
    - ffmpeg-kit-macos-video (= 6.0.LTS)
    - FlutterMacOS
  - FlutterMacOS (1.0.0)
  - path_provider_foundation (0.0.1):
    - Flutter
    - FlutterMacOS

DEPENDENCIES:
  - ffmpeg_kit_flutter_video (from `Flutter/ephemeral/.symlinks/plugins/ffmpeg_kit_flutter_video/macos`)
  - FlutterMacOS (from `Flutter/ephemeral`)
  - path_provider_foundation (from `Flutter/ephemeral/.symlinks/plugins/path_provider_foundation/darwin`)

SPEC REPOS:
  trunk:
    - ffmpeg-kit-macos-video

EXTERNAL SOURCES:
  ffmpeg_kit_flutter_video:
    :path: Flutter/ephemeral/.symlinks/plugins/ffmpeg_kit_flutter_video/macos
  FlutterMacOS:
    :path: Flutter/ephemeral
  path_provider_foundation:
    :path: Flutter/ephemeral/.symlinks/plugins/path_provider_foundation/darwin

SPEC CHECKSUMS:
  ffmpeg-kit-macos-video: 77d7dc3ed55acdf79974bd78bfc288cc5c27397a
  ffmpeg_kit_flutter_video: 39efe6496223d2ed116faf51525e749c84187c81
  FlutterMacOS: 8f6f14fa908a6fb3fba0cd85dbd81ec4b251fb24
  path_provider_foundation: 29f094ae23ebbca9d3d0cec13889cd9060c0e943

PODFILE CHECKSUM: 0d3963a09fc94f580682bd88480486da345dc3f0

COCOAPODS: 1.12.1
